
Microsoft Visual Studio Solution File, Format Version 12.00
# Visual Studio Version 16
VisualStudioVersion = 16.0.30804.86
MinimumVisualStudioVersion = 10.0.40219.1
Project("{A0786B88-2ADB-4C21-ABE8-AA2D79766269}") = "BinomoCloaker", "BinomoCloaker.phpproj", "{C21FAFB7-4447-4DD9-ABDD-C76312501E1A}"
EndProject
Global
	GlobalSection(SolutionConfigurationPlatforms) = preSolution
		Debug|Any CPU = Debug|Any CPU
		Release|Any CPU = Release|Any CPU
	EndGlobalSection
	GlobalSection(ProjectConfigurationPlatforms) = postSolution
		{C21FAFB7-4447-4DD9-ABDD-C76312501E1A}.Debug|Any CPU.ActiveCfg = Debug|Any CPU
		{C21FAFB7-4447-4DD9-ABDD-C76312501E1A}.Release|Any CPU.ActiveCfg = Release|Any CPU
	EndGlobalSection
	GlobalSection(SolutionProperties) = preSolution
		HideSolutionNode = FALSE
	EndGlobalSection
	GlobalSection(ExtensibilityGlobals) = postSolution
		SolutionGuid = {42A9A2DA-3555-4498-9AD1-172819DBD910}
	EndGlobalSection
EndGlobal
